
Microsoft Visual Studio Solution File, Format Version 12.00
# Visual Studio Version 17
VisualStudioVersion = 17.2.32630.192
MinimumVisualStudioVersion = 10.0.40219.1
Project("{9A19103F-16F7-4668-BE54-9A1E7A4F7556}") = "R5T.T0177.Construction", "R5T.T0177.Construction\R5T.T0177.Construction.csproj", "{110289C5-7359-46AE-B4D2-1346888412A8}"
EndProject
Project("{9A19103F-16F7-4668-BE54-9A1E7A4F7556}") = "R5T.T0177", "R5T.T0177\R5T.T0177.csproj", "{A35BFE35-A1C3-4892-B83D-B66D0C44D757}"
EndProject
Global
	GlobalSection(SolutionConfigurationPlatforms) = preSolution
		Debug|Any CPU = Debug|Any CPU
		Release|Any CPU = Release|Any CPU
	EndGlobalSection
	GlobalSection(ProjectConfigurationPlatforms) = postSolution
		{110289C5-7359-46AE-B4D2-1346888412A8}.Debug|Any CPU.ActiveCfg = Debug|Any CPU
		{110289C5-7359-46AE-B4D2-1346888412A8}.Debug|Any CPU.Build.0 = Debug|Any CPU
		{110289C5-7359-46AE-B4D2-1346888412A8}.Release|Any CPU.ActiveCfg = Release|Any CPU
		{110289C5-7359-46AE-B4D2-1346888412A8}.Release|Any CPU.Build.0 = Release|Any CPU
		{A35BFE35-A1C3-4892-B83D-B66D0C44D757}.Debug|Any CPU.ActiveCfg = Debug|Any CPU
		{A35BFE35-A1C3-4892-B83D-B66D0C44D757}.Debug|Any CPU.Build.0 = Debug|Any CPU
		{A35BFE35-A1C3-4892-B83D-B66D0C44D757}.Release|Any CPU.ActiveCfg = Release|Any CPU
		{A35BFE35-A1C3-4892-B83D-B66D0C44D757}.Release|Any CPU.Build.0 = Release|Any CPU
	EndGlobalSection
	GlobalSection(SolutionProperties) = preSolution
		HideSolutionNode = FALSE
	EndGlobalSection
	GlobalSection(ExtensibilityGlobals) = postSolution
		SolutionGuid = {9DD3F62B-3DB6-427E-977D-36494A47A90B}
	EndGlobalSection
EndGlobal
